// !$*UTF8*$!
{
	archiveVersion = 1;
	classes = {
	};
	objectVersion = 46;
	objects = {

/* Begin PBXBuildFile section */
		17A860F21F1C949100FA213E /* AppDelegate.m in Sources */ = {isa = PBXBuildFile; fileRef = 17A860F11F1C949100FA213E /* AppDelegate.m */; };
		17A860F51F1C949100FA213E /* main.m in Sources */ = {isa = PBXBuildFile; fileRef = 17A860F41F1C949100FA213E /* main.m */; };
		17A860FA1F1C949100FA213E /* Assets.xcassets in Resources */ = {isa = PBXBuildFile; fileRef = 17A860F91F1C949100FA213E /* Assets.xcassets */; };
		17A860FD1F1C949100FA213E /* Main.storyboard in Resources */ = {isa = PBXBuildFile; fileRef = 17A860FB1F1C949100FA213E /* Main.storyboard */; };
		17A861061F1C94C700FA213E /* edk.framework in Frameworks */ = {isa = PBXBuildFile; fileRef = 17A861051F1C94C700FA213E /* edk.framework */; };
		17A8610A1F1C950800FA213E /* NSTextFieldAdvanced.m in Sources */ = {isa = PBXBuildFile; fileRef = 17A861081F1C950800FA213E /* NSTextFieldAdvanced.m */; };
		17A8610B1F1C950800FA213E /* ViewController.mm in Sources */ = {isa = PBXBuildFile; fileRef = 17A861091F1C950800FA213E /* ViewController.mm */; };
/* End PBXBuildFile section */

/* Begin PBXFileReference section */
		17A860ED1F1C949100FA213E /* ActivateLicense.app */ = {isa = PBXFileReference; explicitFileType = wrapper.application; includeInIndex = 0; path = ActivateLicense.app; sourceTree = BUILT_PRODUCTS_DIR; };
		17A860F01F1C949100FA213E /* AppDelegate.h */ = {isa = PBXFileReference; lastKnownFileType = sourcecode.c.h; path = AppDelegate.h; sourceTree = "<group>"; };
		17A860F11F1C949100FA213E /* AppDelegate.m */ = {isa = PBXFileReference; lastKnownFileType = sourcecode.c.objc; path = AppDelegate.m; sourceTree = "<group>"; };
		17A860F41F1C949100FA213E /* main.m */ = {isa = PBXFileReference; lastKnownFileType = sourcecode.c.objc; path = main.m; sourceTree = "<group>"; };
		17A860F61F1C949100FA213E /* ViewController.h */ = {isa = PBXFileReference; lastKnownFileType = sourcecode.c.h; path = ViewController.h; sourceTree = "<group>"; };
		17A860F91F1C949100FA213E /* Assets.xcassets */ = {isa = PBXFileReference; lastKnownFileType = folder.assetcatalog; path = Assets.xcassets; sourceTree = "<group>"; };
		17A860FC1F1C949100FA213E /* Base */ = {isa = PBXFileReference; lastKnownFileType = file.storyboard; name = Base; path = Base.lproj/Main.storyboard; sourceTree = "<group>"; };
		17A860FE1F1C949100FA213E /* Info.plist */ = {isa = PBXFileReference; lastKnownFileType = text.plist.xml; path = Info.plist; sourceTree = "<group>"; };
		17A861051F1C94C700FA213E /* edk.framework */ = {isa = PBXFileReference; lastKnownFileType = wrapper.framework; name = edk.framework; path = ../../../../Library/Frameworks/edk.framework; sourceTree = "<group>"; };
		17A861071F1C950800FA213E /* NSTextFieldAdvanced.h */ = {isa = PBXFileReference; fileEncoding = 4; lastKnownFileType = sourcecode.c.h; path = NSTextFieldAdvanced.h; sourceTree = "<group>"; };
		17A861081F1C950800FA213E /* NSTextFieldAdvanced.m */ = {isa = PBXFileReference; fileEncoding = 4; lastKnownFileType = sourcecode.c.objc; path = NSTextFieldAdvanced.m; sourceTree = "<group>"; };
		17A861091F1C950800FA213E /* ViewController.mm */ = {isa = PBXFileReference; fileEncoding = 4; lastKnownFileType = sourcecode.cpp.objcpp; path = ViewController.mm; sourceTree = "<group>"; };
/* End PBXFileReference section */

/* Begin PBXFrameworksBuildPhase section */
		17A860EA1F1C949100FA213E /* Frameworks */ = {
			isa = PBXFrameworksBuildPhase;
			buildActionMask = 2147483647;
			files = (
				17A861061F1C94C700FA213E /* edk.framework in Frameworks */,
			);
			runOnlyForDeploymentPostprocessing = 0;
		};
/* End PBXFrameworksBuildPhase section */

/* Begin PBXGroup section */
		17A860E41F1C949100FA213E = {
			isa = PBXGroup;
			children = (
				17A860EF1F1C949100FA213E /* ActivateLicense */,
				17A860EE1F1C949100FA213E /* Products */,
				17A861041F1C94C700FA213E /* Frameworks */,
			);
			sourceTree = "<group>";
		};
		17A860EE1F1C949100FA213E /* Products */ = {
			isa = PBXGroup;
			children = (
				17A860ED1F1C949100FA213E /* ActivateLicense.app */,
			);
			name = Products;
			sourceTree = "<group>";
		};
		17A860EF1F1C949100FA213E /* ActivateLicense */ = {
			isa = PBXGroup;
			children = (
				17A861071F1C950800FA213E /* NSTextFieldAdvanced.h */,
				17A861081F1C950800FA213E /* NSTextFieldAdvanced.m */,
				17A861091F1C950800FA213E /* ViewController.mm */,
				17A860F01F1C949100FA213E /* AppDelegate.h */,
				17A860F11F1C949100FA213E /* AppDelegate.m */,
				17A860F61F1C949100FA213E /* ViewController.h */,
				17A860F91F1C949100FA213E /* Assets.xcassets */,
				17A860FB1F1C949100FA213E /* Main.storyboard */,
				17A860FE1F1C949100FA213E /* Info.plist */,
				17A860F31F1C949100FA213E /* Supporting Files */,
			);
			path = ActivateLicense;
			sourceTree = "<group>";
		};
		17A860F31F1C949100FA213E /* Supporting Files */ = {
			isa = PBXGroup;
			children = (
				17A860F41F1C949100FA213E /* main.m */,
			);
			name = "Supporting Files";
			sourceTree = "<group>";
		};
		17A861041F1C94C700FA213E /* Frameworks */ = {
			isa = PBXGroup;
			children = (
				17A861051F1C94C700FA213E /* edk.framework */,
			);
			name = Frameworks;
			sourceTree = "<group>";
		};
/* End PBXGroup section */

/* Begin PBXNativeTarget section */
		17A860EC1F1C949100FA213E /* ActivateLicense */ = {
			isa = PBXNativeTarget;
			buildConfigurationList = 17A861011F1C949100FA213E /* Build configuration list for PBXNativeTarget "ActivateLicense" */;
			buildPhases = (
				17A860E91F1C949100FA213E /* Sources */,
				17A860EA1F1C949100FA213E /* Frameworks */,
				17A860EB1F1C949100FA213E /* Resources */,
			);
			buildRules = (
			);
			dependencies = (
			);
			name = ActivateLicense;
			productName = ActivateLicense;
			productReference = 17A860ED1F1C949100FA213E /* ActivateLicense.app */;
			productType = "com.apple.product-type.application";
		};
/* End PBXNativeTarget section */

/* Begin PBXProject section */
		17A860E51F1C949100FA213E /* Project object */ = {
			isa = PBXProject;
			attributes = {
				LastUpgradeCheck = 0830;
				ORGANIZATIONNAME = x;
				TargetAttributes = {
					17A860EC1F1C949100FA213E = {
						CreatedOnToolsVersion = 8.3.3;
						ProvisioningStyle = Automatic;
					};
				};
			};
			buildConfigurationList = 17A860E81F1C949100FA213E /* Build configuration list for PBXProject "ActivateLicense" */;
			compatibilityVersion = "Xcode 3.2";
			developmentRegion = English;
			hasScannedForEncodings = 0;
			knownRegions = (
				en,
				Base,
			);
			mainGroup = 17A860E41F1C949100FA213E;
			productRefGroup = 17A860EE1F1C949100FA213E /* Products */;
			projectDirPath = "";
			projectRoot = "";
			targets = (
				17A860EC1F1C949100FA213E /* ActivateLicense */,
			);
		};
/* End PBXProject section */

/* Begin PBXResourcesBuildPhase section */
		17A860EB1F1C949100FA213E /* Resources */ = {
			isa = PBXResourcesBuildPhase;
			buildActionMask = 2147483647;
			files = (
				17A860FA1F1C949100FA213E /* Assets.xcassets in Resources */,
				17A860FD1F1C949100FA213E /* Main.storyboard in Resources */,
			);
			runOnlyForDeploymentPostprocessing = 0;
		};
/* End PBXResourcesBuildPhase section */

/* Begin PBXSourcesBuildPhase section */
		17A860E91F1C949100FA213E /* Sources */ = {
			isa = PBXSourcesBuildPhase;
			buildActionMask = 2147483647;
			files = (
				17A8610A1F1C950800FA213E /* NSTextFieldAdvanced.m in Sources */,
				17A8610B1F1C950800FA213E /* ViewController.mm in Sources */,
				17A860F51F1C949100FA213E /* main.m in Sources */,
				17A860F21F1C949100FA213E /* AppDelegate.m in Sources */,
			);
			runOnlyForDeploymentPostprocessing = 0;
		};
/* End PBXSourcesBuildPhase section */

/* Begin PBXVariantGroup section */
		17A860FB1F1C949100FA213E /* Main.storyboard */ = {
			isa = PBXVariantGroup;
			children = (
				17A860FC1F1C949100FA213E /* Base */,
			);
			name = Main.storyboard;
			sourceTree = "<group>";
		};
/* End PBXVariantGroup section */

/* Begin XCBuildConfiguration section */
		17A860FF1F1C949100FA213E /* Debug */ = {
			isa = XCBuildConfiguration;
			buildSettings = {
				ALWAYS_SEARCH_USER_PATHS = NO;
				CLANG_ANALYZER_NONNULL = YES;
				CLANG_ANALYZER_NUMBER_OBJECT_CONVERSION = YES_AGGRESSIVE;
				CLANG_CXX_LANGUAGE_STANDARD = "gnu++0x";
				CLANG_CXX_LIBRARY = "libc++";
				CLANG_ENABLE_MODULES = YES;
				CLANG_ENABLE_OBJC_ARC = YES;
				CLANG_WARN_BOOL_CONVERSION = YES;
				CLANG_WARN_CONSTANT_CONVERSION = YES;
				CLANG_WARN_DIRECT_OBJC_ISA_USAGE = YES_ERROR;
				CLANG_WARN_DOCUMENTATION_COMMENTS = YES;
				CLANG_WARN_EMPTY_BODY = YES;
				CLANG_WARN_ENUM_CONVERSION = YES;
				CLANG_WARN_INFINITE_RECURSION = YES;
				CLANG_WARN_INT_CONVERSION = YES;
				CLANG_WARN_OBJC_ROOT_CLASS = YES_ERROR;
				CLANG_WARN_SUSPICIOUS_MOVE = YES;
				CLANG_WARN_UNREACHABLE_CODE = YES;
				CLANG_WARN__DUPLICATE_METHOD_MATCH = YES;
				CODE_SIGN_IDENTITY = "-";
				COPY_PHASE_STRIP = NO;
				DEBUG_INFORMATION_FORMAT = dwarf;
				ENABLE_STRICT_OBJC_MSGSEND = YES;
				ENABLE_TESTABILITY = YES;
				GCC_C_LANGUAGE_STANDARD = gnu99;
				GCC_DYNAMIC_NO_PIC = NO;
				GCC_NO_COMMON_BLOCKS = YES;
				GCC_OPTIMIZATION_LEVEL = 0;
				GCC_PREPROCESSOR_DEFINITIONS = (
					"DEBUG=1",
					"$(inherited)",
				);
				GCC_WARN_64_TO_32_BIT_CONVERSION = YES;
				GCC_WARN_ABOUT_RETURN_TYPE = YES_ERROR;
				GCC_WARN_UNDECLARED_SELECTOR = YES;
				GCC_WARN_UNINITIALIZED_AUTOS = YES_AGGRESSIVE;
				GCC_WARN_UNUSED_FUNCTION = YES;
				GCC_WARN_UNUSED_VARIABLE = YES;
				MACOSX_DEPLOYMENT_TARGET = 10.12;
				MTL_ENABLE_DEBUG_INFO = YES;
				ONLY_ACTIVE_ARCH = YES;
				SDKROOT = macosx;
			};
			name = Debug;
		};
		17A861001F1C949100FA213E /* Release */ = {
			isa = XCBuildConfiguration;
			buildSettings = {
				ALWAYS_SEARCH_USER_PATHS = NO;
				CLANG_ANALYZER_NONNULL = YES;
				CLANG_ANALYZER_NUMBER_OBJECT_CONVERSION = YES_AGGRESSIVE;
				CLANG_CXX_LANGUAGE_STANDARD = "gnu++0x";
				CLANG_CXX_LIBRARY = "libc++";
				CLANG_ENABLE_MODULES = YES;
				CLANG_ENABLE_OBJC_ARC = YES;
				CLANG_WARN_BOOL_CONVERSION = YES;
				CLANG_WARN_CONSTANT_CONVERSION = YES;
				CLANG_WARN_DIRECT_OBJC_ISA_USAGE = YES_ERROR;
				CLANG_WARN_DOCUMENTATION_COMMENTS = YES;
				CLANG_WARN_EMPTY_BODY = YES;
				CLANG_WARN_ENUM_CONVERSION = YES;
				CLANG_WARN_INFINITE_RECURSION = YES;
				CLANG_WARN_INT_CONVERSION = YES;
				CLANG_WARN_OBJC_ROOT_CLASS = YES_ERROR;
				CLANG_WARN_SUSPICIOUS_MOVE = YES;
				CLANG_WARN_UNREACHABLE_CODE = YES;
				CLANG_WARN__DUPLICATE_METHOD_MATCH = YES;
				CODE_SIGN_IDENTITY = "-";
				COPY_PHASE_STRIP = NO;
				DEBUG_INFORMATION_FORMAT = "dwarf-with-dsym";
				ENABLE_NS_ASSERTIONS = NO;
				ENABLE_STRICT_OBJC_MSGSEND = YES;
				GCC_C_LANGUAGE_STANDARD = gnu99;
				GCC_NO_COMMON_BLOCKS = YES;
				GCC_WARN_64_TO_32_BIT_CONVERSION = YES;
				GCC_WARN_ABOUT_RETURN_TYPE = YES_ERROR;
				GCC_WARN_UNDECLARED_SELECTOR = YES;
				GCC_WARN_UNINITIALIZED_AUTOS = YES_AGGRESSIVE;
				GCC_WARN_UNUSED_FUNCTION = YES;
				GCC_WARN_UNUSED_VARIABLE = YES;
				MACOSX_DEPLOYMENT_TARGET = 10.12;
				MTL_ENABLE_DEBUG_INFO = NO;
				SDKROOT = macosx;
			};
			name = Release;
		};
		17A861021F1C949100FA213E /* Debug */ = {
			isa = XCBuildConfiguration;
			buildSettings = {
				ASSETCATALOG_COMPILER_APPICON_NAME = AppIcon;
				COMBINE_HIDPI_IMAGES = YES;
				FRAMEWORK_SEARCH_PATHS = (
					"$(inherited)",
					"$(LOCAL_LIBRARY_DIR)/Frameworks",
				);
				INFOPLIST_FILE = ActivateLicense/Info.plist;
				LD_RUNPATH_SEARCH_PATHS = "$(inherited) @executable_path/../Frameworks";
				MACOSX_DEPLOYMENT_TARGET = 10.11;
				PRODUCT_BUNDLE_IDENTIFIER = emotiv.ActivateLicense;
				PRODUCT_NAME = "$(TARGET_NAME)";
			};
			name = Debug;
		};
		17A861031F1C949100FA213E /* Release */ = {
			isa = XCBuildConfiguration;
			buildSettings = {
				ASSETCATALOG_COMPILER_APPICON_NAME = AppIcon;
				COMBINE_HIDPI_IMAGES = YES;
				FRAMEWORK_SEARCH_PATHS = (
					"$(inherited)",
					"$(LOCAL_LIBRARY_DIR)/Frameworks",
				);
				INFOPLIST_FILE = ActivateLicense/Info.plist;
				LD_RUNPATH_SEARCH_PATHS = "$(inherited) @executable_path/../Frameworks";
				MACOSX_DEPLOYMENT_TARGET = 10.11;
				PRODUCT_BUNDLE_IDENTIFIER = emotiv.ActivateLicense;
				PRODUCT_NAME = "$(TARGET_NAME)";
			};
			name = Release;
		};
/* End XCBuildConfiguration section */

/* Begin XCConfigurationList section */
		17A860E81F1C949100FA213E /* Build configuration list for PBXProject "ActivateLicense" */ = {
			isa = XCConfigurationList;
			buildConfigurations = (
				17A860FF1F1C949100FA213E /* Debug */,
				17A861001F1C949100FA213E /* Release */,
			);
			defaultConfigurationIsVisible = 0;
			defaultConfigurationName = Release;
		};
		17A861011F1C949100FA213E /* Build configuration list for PBXNativeTarget "ActivateLicense" */ = {
			isa = XCConfigurationList;
			buildConfigurations = (
				17A861021F1C949100FA213E /* Debug */,
				17A861031F1C949100FA213E /* Release */,
			);
			defaultConfigurationIsVisible = 0;
		};
/* End XCConfigurationList section */
	};
	rootObject = 17A860E51F1C949100FA213E /* Project object */;
}
